{
  "lockfileVersion": 1,
  "workspaces": {
    "": {
      "name": "zynapse",
      "dependencies": {
        "@types/bun": "^1.3.2",
        "json-schema-to-zod": "^2.6.1",
        "prettier": "^3.5.3",
        "zod": "^3.24.3",
        "zod-to-json-schema": "^3.24.6",
        "zod-to-ts": "^1.2.0",
      },
      "devDependencies": {
        "@typescript/native-preview": "^7.0.0-dev.20250606.1",
      },
      "peerDependencies": {
        "typescript": "^5",
      },
    },
  },
  "packages": {
    "@types/bun": ["@types/bun@1.3.2", "", { "dependencies": { "bun-types": "1.3.2" } }, "sha512-t15P7k5UIgHKkxwnMNkJbWlh/617rkDGEdSsDbu+qNHTaz9SKf7aC8fiIlUdD5RPpH6GEkP0cK7WlvmrEBRtWg=="],

    "@types/node": ["@types/node@22.15.3", "", { "dependencies": { "undici-types": "~6.21.0" } }, "sha512-lX7HFZeHf4QG/J7tBZqrCAXwz9J5RD56Y6MpP0eJkka8p+K0RY/yBTW7CYFJ4VGCclxqOLKmiGP5juQc6MKgcw=="],

    "@types/react": ["@types/react@19.2.4", "", { "dependencies": { "csstype": "^3.0.2" } }, "sha512-tBFxBp9Nfyy5rsmefN+WXc1JeW/j2BpBHFdLZbEVfs9wn3E3NRFxwV0pJg8M1qQAexFpvz73hJXFofV0ZAu92A=="],

    "@typescript/native-preview": ["@typescript/native-preview@7.0.0-dev.20250606.1", "", { "optionalDependencies": { "@typescript/native-preview-darwin-arm64": "7.0.0-dev.20250606.1", "@typescript/native-preview-darwin-x64": "7.0.0-dev.20250606.1", "@typescript/native-preview-linux-arm": "7.0.0-dev.20250606.1", "@typescript/native-preview-linux-arm64": "7.0.0-dev.20250606.1", "@typescript/native-preview-linux-x64": "7.0.0-dev.20250606.1", "@typescript/native-preview-win32-arm64": "7.0.0-dev.20250606.1", "@typescript/native-preview-win32-x64": "7.0.0-dev.20250606.1" }, "bin": { "tsgo": "bin/tsgo.js" } }, "sha512-nSNbcCXD/UKvIJN4mD0kkIYmpGwcQ47dcU4LLDJHVERFPfTWEr2YNJLmfjRikFeu8wiDa5A3m1Ywrzox8iR/oA=="],

    "@typescript/native-preview-darwin-arm64": ["@typescript/native-preview-darwin-arm64@7.0.0-dev.20250606.1", "", { "os": "darwin", "cpu": "arm64" }, "sha512-/EsG3bhU9QFci/LQkyb8k+aym64Ul13GdDF2V5AaR/aeYG/p0kD9nvEJNjRVlw0CWvsr297nG119gy+keOeHXQ=="],

    "@typescript/native-preview-darwin-x64": ["@typescript/native-preview-darwin-x64@7.0.0-dev.20250606.1", "", { "os": "darwin", "cpu": "x64" }, "sha512-e9D1tL3JXr8RZE0ncYoV2wxDVvwWC7koX18JGtTC72O7q9Coh4cJaofLcaNhz+neUkN8QcMPuWhaXo7lKzHupA=="],

    "@typescript/native-preview-linux-arm": ["@typescript/native-preview-linux-arm@7.0.0-dev.20250606.1", "", { "os": "linux", "cpu": "arm" }, "sha512-xm5acI1Lz9LdZ21/lFqd1Njp4GAZs7/57EP+oMd+lCAJmLSVYH/qSTWaiuyaUxOZ7nSw9it4Is28sDCgbxJz+g=="],

    "@typescript/native-preview-linux-arm64": ["@typescript/native-preview-linux-arm64@7.0.0-dev.20250606.1", "", { "os": "linux", "cpu": "arm64" }, "sha512-57f+AKAW3z0aDgg1P6saTyR4AzHYNoOdHTjwBCVMV4PT5Ol2trecAvos91xg4lAg7F/Te+M/2GHCxtjNqOqtig=="],

    "@typescript/native-preview-linux-x64": ["@typescript/native-preview-linux-x64@7.0.0-dev.20250606.1", "", { "os": "linux", "cpu": "x64" }, "sha512-4jMYLG1ajvUSaoSUcaxSbnrFP81MFw2/Ls+pWRL3bblTNw2S9X+EZ3lrxYZvU7eCF2eqxeef7saYijbQxfp+cw=="],

    "@typescript/native-preview-win32-arm64": ["@typescript/native-preview-win32-arm64@7.0.0-dev.20250606.1", "", { "os": "win32", "cpu": "arm64" }, "sha512-/CP/rcEZT3liC7Qkx7yGyrBmH508yUMwyYbFM2v1xmgRVArjCSoof4OlQ4NaqjkeKXQjJZDwyYPMPFp7e5qqJQ=="],

    "@typescript/native-preview-win32-x64": ["@typescript/native-preview-win32-x64@7.0.0-dev.20250606.1", "", { "os": "win32", "cpu": "x64" }, "sha512-t9oMPLtwNIbVwyGe/s+pkze0K9RRE4dz83IYa/lJeWYkpZCh4DcSbcrsCs0sgLJCb1eCWpbLtssTCtptBO7teQ=="],

    "bun-types": ["bun-types@1.3.2", "", { "dependencies": { "@types/node": "*" }, "peerDependencies": { "@types/react": "^19" } }, "sha512-i/Gln4tbzKNuxP70OWhJRZz1MRfvqExowP7U6JKoI8cntFrtxg7RJK3jvz7wQW54UuvNC8tbKHHri5fy74FVqg=="],

    "csstype": ["csstype@3.2.0", "", {}, "sha512-si++xzRAY9iPp60roQiFta7OFbhrgvcthrhlNAGeQptSY25uJjkfUV8OArC3KLocB8JT8ohz+qgxWCmz8RhjIg=="],

    "json-schema-to-zod": ["json-schema-to-zod@2.6.1", "", { "bin": { "json-schema-to-zod": "dist/cjs/cli.js" } }, "sha512-uiHmWH21h9FjKJkRBntfVGTLpYlCZ1n98D0izIlByqQLqpmkQpNTBtfbdP04Na6+43lgsvrShFh2uWLkQDKJuQ=="],

    "prettier": ["prettier@3.5.3", "", { "bin": { "prettier": "bin/prettier.cjs" } }, "sha512-QQtaxnoDJeAkDvDKWCLiwIXkTgRhwYDEQCghU9Z6q03iyek/rxRh/2lC3HB7P8sWT2xC/y5JDctPLBIGzHKbhw=="],

    "typescript": ["typescript@5.8.3", "", { "bin": { "tsc": "bin/tsc", "tsserver": "bin/tsserver" } }, "sha512-p1diW6TqL9L07nNxvRMM7hMMw4c5XOo/1ibL4aAIGmSAt9slTE1Xgw5KWuof2uTOvCg9BY7ZRi+GaF+7sfgPeQ=="],

    "undici-types": ["undici-types@6.21.0", "", {}, "sha512-iwDZqg0QAGrg9Rav5H4n0M64c3mkR59cJ6wQp+7C4nI0gsmExaedaYLNO44eT4AtBBwjbTiGPMlt2Md0T9H9JQ=="],

    "zod": ["zod@3.24.3", "", {}, "sha512-HhY1oqzWCQWuUqvBFnsyrtZRhyPeR7SUGv+C4+MsisMuVfSPx8HpwWqH8tRahSlt6M3PiFAcoeFhZAqIXTxoSg=="],

    "zod-to-json-schema": ["zod-to-json-schema@3.24.6", "", { "peerDependencies": { "zod": "^3.24.1" } }, "sha512-h/z3PKvcTcTetyjl1fkj79MHNEjm+HpD6NXheWjzOekY7kV+lwDYnHw+ivHkijnCSMz1yJaWBD9vu/Fcmk+vEg=="],

    "zod-to-ts": ["zod-to-ts@1.2.0", "", { "peerDependencies": { "typescript": "^4.9.4 || ^5.0.2", "zod": "^3" } }, "sha512-x30XE43V+InwGpvTySRNz9kB7qFU8DlyEy7BsSTCHPH1R0QasMmHWZDCzYm6bVXtj/9NNJAZF3jW8rzFvH5OFA=="],
  }
}
